
Microsoft Visual Studio Solution File, Format Version 12.00
# Visual Studio Version 17
VisualStudioVersion = 17.0.31903.59
MinimumVisualStudioVersion = 10.0.40219.1
Project("{2150E333-8FDC-42A3-9474-1A3956D46DE8}") = "src", "src", "{827E0CD3-B72D-47B6-A68D-7590B98EB39B}"
EndProject
Project("{FAE04EC0-301F-11D3-BF4B-00C04F79EFBC}") = "UrlHostNameParser", "src\UrlHostNameParser\UrlHostNameParser.csproj", "{36ED1453-323D-4445-8AB9-F6AEA1F71DCF}"
EndProject
Project("{2150E333-8FDC-42A3-9474-1A3956D46DE8}") = "tests", "tests", "{0AB3BF05-4346-4AA6-1389-037BE0695223}"
EndProject
Project("{FAE04EC0-301F-11D3-BF4B-00C04F79EFBC}") = "UrlHostNameParser.Tests", "tests\UrlHostNameParser.Tests\UrlHostNameParser.Tests.csproj", "{5F2A452A-1884-45F3-BC3F-1C8439DEDF34}"
EndProject
Global
	GlobalSection(SolutionConfigurationPlatforms) = preSolution
		Debug|Any CPU = Debug|Any CPU
		Debug|x64 = Debug|x64
		Debug|x86 = Debug|x86
		Release|Any CPU = Release|Any CPU
		Release|x64 = Release|x64
		Release|x86 = Release|x86
	EndGlobalSection
	GlobalSection(ProjectConfigurationPlatforms) = postSolution
		{36ED1453-323D-4445-8AB9-F6AEA1F71DCF}.Debug|Any CPU.ActiveCfg = Debug|Any CPU
		{36ED1453-323D-4445-8AB9-F6AEA1F71DCF}.Debug|Any CPU.Build.0 = Debug|Any CPU
		{36ED1453-323D-4445-8AB9-F6AEA1F71DCF}.Debug|x64.ActiveCfg = Debug|Any CPU
		{36ED1453-323D-4445-8AB9-F6AEA1F71DCF}.Debug|x64.Build.0 = Debug|Any CPU
		{36ED1453-323D-4445-8AB9-F6AEA1F71DCF}.Debug|x86.ActiveCfg = Debug|Any CPU
		{36ED1453-323D-4445-8AB9-F6AEA1F71DCF}.Debug|x86.Build.0 = Debug|Any CPU
		{36ED1453-323D-4445-8AB9-F6AEA1F71DCF}.Release|Any CPU.ActiveCfg = Release|Any CPU
		{36ED1453-323D-4445-8AB9-F6AEA1F71DCF}.Release|Any CPU.Build.0 = Release|Any CPU
		{36ED1453-323D-4445-8AB9-F6AEA1F71DCF}.Release|x64.ActiveCfg = Release|Any CPU
		{36ED1453-323D-4445-8AB9-F6AEA1F71DCF}.Release|x64.Build.0 = Release|Any CPU
		{36ED1453-323D-4445-8AB9-F6AEA1F71DCF}.Release|x86.ActiveCfg = Release|Any CPU
		{36ED1453-323D-4445-8AB9-F6AEA1F71DCF}.Release|x86.Build.0 = Release|Any CPU
		{5F2A452A-1884-45F3-BC3F-1C8439DEDF34}.Debug|Any CPU.ActiveCfg = Debug|Any CPU
		{5F2A452A-1884-45F3-BC3F-1C8439DEDF34}.Debug|Any CPU.Build.0 = Debug|Any CPU
		{5F2A452A-1884-45F3-BC3F-1C8439DEDF34}.Debug|x64.ActiveCfg = Debug|Any CPU
		{5F2A452A-1884-45F3-BC3F-1C8439DEDF34}.Debug|x64.Build.0 = Debug|Any CPU
		{5F2A452A-1884-45F3-BC3F-1C8439DEDF34}.Debug|x86.ActiveCfg = Debug|Any CPU
		{5F2A452A-1884-45F3-BC3F-1C8439DEDF34}.Debug|x86.Build.0 = Debug|Any CPU
		{5F2A452A-1884-45F3-BC3F-1C8439DEDF34}.Release|Any CPU.ActiveCfg = Release|Any CPU
		{5F2A452A-1884-45F3-BC3F-1C8439DEDF34}.Release|Any CPU.Build.0 = Release|Any CPU
		{5F2A452A-1884-45F3-BC3F-1C8439DEDF34}.Release|x64.ActiveCfg = Release|Any CPU
		{5F2A452A-1884-45F3-BC3F-1C8439DEDF34}.Release|x64.Build.0 = Release|Any CPU
		{5F2A452A-1884-45F3-BC3F-1C8439DEDF34}.Release|x86.ActiveCfg = Release|Any CPU
		{5F2A452A-1884-45F3-BC3F-1C8439DEDF34}.Release|x86.Build.0 = Release|Any CPU
	EndGlobalSection
	GlobalSection(SolutionProperties) = preSolution
		HideSolutionNode = FALSE
	EndGlobalSection
	GlobalSection(NestedProjects) = preSolution
		{36ED1453-323D-4445-8AB9-F6AEA1F71DCF} = {827E0CD3-B72D-47B6-A68D-7590B98EB39B}
		{5F2A452A-1884-45F3-BC3F-1C8439DEDF34} = {0AB3BF05-4346-4AA6-1389-037BE0695223}
	EndGlobalSection
EndGlobal
